
Microsoft Visual Studio Solution File, Format Version 12.00
# Visual Studio Version 16
VisualStudioVersion = 16.0.32126.315
MinimumVisualStudioVersion = 10.0.40219.1
Project("{FAE04EC0-301F-11D3-BF4B-00C04F79EFBC}") = "Mao", "Mao\Mao.csproj", "{A9542BF1-9B8C-4297-BC99-A16A7D019D63}"
EndProject
Project("{FAE04EC0-301F-11D3-BF4B-00C04F79EFBC}") = "LeaderboardDataAdd", "LeaderboardDataAdd\LeaderboardDataAdd.csproj", "{9C145B9F-19E7-4A06-A3D0-8AAFD71F0B3C}"
EndProject
Project("{FAE04EC0-301F-11D3-BF4B-00C04F79EFBC}") = "MaoTesting", "MaoTesting\MaoTesting.csproj", "{329E13F0-847E-423A-9EFA-5738135614C1}"
EndProject
Global
	GlobalSection(SolutionConfigurationPlatforms) = preSolution
		Debug|Any CPU = Debug|Any CPU
		Release|Any CPU = Release|Any CPU
	EndGlobalSection
	GlobalSection(ProjectConfigurationPlatforms) = postSolution
		{A9542BF1-9B8C-4297-BC99-A16A7D019D63}.Debug|Any CPU.ActiveCfg = Debug|Any CPU
		{A9542BF1-9B8C-4297-BC99-A16A7D019D63}.Debug|Any CPU.Build.0 = Debug|Any CPU
		{A9542BF1-9B8C-4297-BC99-A16A7D019D63}.Release|Any CPU.ActiveCfg = Release|Any CPU
		{A9542BF1-9B8C-4297-BC99-A16A7D019D63}.Release|Any CPU.Build.0 = Release|Any CPU
		{9C145B9F-19E7-4A06-A3D0-8AAFD71F0B3C}.Debug|Any CPU.ActiveCfg = Debug|Any CPU
		{9C145B9F-19E7-4A06-A3D0-8AAFD71F0B3C}.Debug|Any CPU.Build.0 = Debug|Any CPU
		{9C145B9F-19E7-4A06-A3D0-8AAFD71F0B3C}.Release|Any CPU.ActiveCfg = Release|Any CPU
		{9C145B9F-19E7-4A06-A3D0-8AAFD71F0B3C}.Release|Any CPU.Build.0 = Release|Any CPU
		{329E13F0-847E-423A-9EFA-5738135614C1}.Debug|Any CPU.ActiveCfg = Debug|Any CPU
		{329E13F0-847E-423A-9EFA-5738135614C1}.Debug|Any CPU.Build.0 = Debug|Any CPU
		{329E13F0-847E-423A-9EFA-5738135614C1}.Release|Any CPU.ActiveCfg = Release|Any CPU
		{329E13F0-847E-423A-9EFA-5738135614C1}.Release|Any CPU.Build.0 = Release|Any CPU
	EndGlobalSection
	GlobalSection(SolutionProperties) = preSolution
		HideSolutionNode = FALSE
	EndGlobalSection
	GlobalSection(ExtensibilityGlobals) = postSolution
		SolutionGuid = {D9F36163-9BA1-4A31-8990-AA62E11EF7C4}
	EndGlobalSection
EndGlobal
